
Microsoft Visual Studio Solution File, Format Version 12.00
# Visual Studio 15
VisualStudioVersion = 15.0.28307.1831
MinimumVisualStudioVersion = 10.0.40219.1
Project("{FAE04EC0-301F-11D3-BF4B-00C04F79EFBC}") = "RatInAMaze", "RatInAMaze\RatInAMaze.csproj", "{697CBC1D-53A7-48FC-9BFF-73118D6A7C0C}"
EndProject
Global
	GlobalSection(SolutionConfigurationPlatforms) = preSolution
		Debug|Any CPU = Debug|Any CPU
		Release|Any CPU = Release|Any CPU
	EndGlobalSection
	GlobalSection(ProjectConfigurationPlatforms) = postSolution
		{697CBC1D-53A7-48FC-9BFF-73118D6A7C0C}.Debug|Any CPU.ActiveCfg = Debug|Any CPU
		{697CBC1D-53A7-48FC-9BFF-73118D6A7C0C}.Debug|Any CPU.Build.0 = Debug|Any CPU
		{697CBC1D-53A7-48FC-9BFF-73118D6A7C0C}.Release|Any CPU.ActiveCfg = Release|Any CPU
		{697CBC1D-53A7-48FC-9BFF-73118D6A7C0C}.Release|Any CPU.Build.0 = Release|Any CPU
	EndGlobalSection
	GlobalSection(SolutionProperties) = preSolution
		HideSolutionNode = FALSE
	EndGlobalSection
	GlobalSection(ExtensibilityGlobals) = postSolution
		SolutionGuid = {DBA045E7-9BE7-46DB-951A-C984D247DD08}
	EndGlobalSection
EndGlobal
